
Microsoft Visual Studio Solution File, Format Version 12.00
# Visual Studio 2017
Project("{FAE04EC0-301F-11D3-BF4B-00C04F79EFBC}") = "Hanoi", "Hanoi.csproj", "{E03A9000-71C5-81A1-B497-208545B71B68}"
EndProject
Project("{FAE04EC0-301F-11D3-BF4B-00C04F79EFBC}") = "Hanoi.Plugins", "Hanoi.Plugins.csproj", "{2E279C86-3F64-8763-C658-B05A83FB0CAB}"
EndProject
Project("{FAE04EC0-301F-11D3-BF4B-00C04F79EFBC}") = "Hanoi.Editor", "Hanoi.Editor.csproj", "{587FB788-6042-26CA-D535-E5278AF7A08B}"
EndProject
Global
	GlobalSection(SolutionConfigurationPlatforms) = preSolution
		Debug|Any CPU = Debug|Any CPU
		Release|Any CPU = Release|Any CPU
	EndGlobalSection
	GlobalSection(ProjectConfigurationPlatforms) = postSolution
		{E03A9000-71C5-81A1-B497-208545B71B68}.Debug|Any CPU.ActiveCfg = Debug|Any CPU
		{E03A9000-71C5-81A1-B497-208545B71B68}.Debug|Any CPU.Build.0 = Debug|Any CPU
		{E03A9000-71C5-81A1-B497-208545B71B68}.Release|Any CPU.ActiveCfg = Release|Any CPU
		{E03A9000-71C5-81A1-B497-208545B71B68}.Release|Any CPU.Build.0 = Release|Any CPU
		{2E279C86-3F64-8763-C658-B05A83FB0CAB}.Debug|Any CPU.ActiveCfg = Debug|Any CPU
		{2E279C86-3F64-8763-C658-B05A83FB0CAB}.Debug|Any CPU.Build.0 = Debug|Any CPU
		{2E279C86-3F64-8763-C658-B05A83FB0CAB}.Release|Any CPU.ActiveCfg = Release|Any CPU
		{2E279C86-3F64-8763-C658-B05A83FB0CAB}.Release|Any CPU.Build.0 = Release|Any CPU
		{587FB788-6042-26CA-D535-E5278AF7A08B}.Debug|Any CPU.ActiveCfg = Debug|Any CPU
		{587FB788-6042-26CA-D535-E5278AF7A08B}.Debug|Any CPU.Build.0 = Debug|Any CPU
		{587FB788-6042-26CA-D535-E5278AF7A08B}.Release|Any CPU.ActiveCfg = Release|Any CPU
		{587FB788-6042-26CA-D535-E5278AF7A08B}.Release|Any CPU.Build.0 = Release|Any CPU
	EndGlobalSection
	GlobalSection(SolutionProperties) = preSolution
		HideSolutionNode = FALSE
	EndGlobalSection
EndGlobal
